
Microsoft Visual Studio Solution File, Format Version 12.00
# Visual Studio Version 17
VisualStudioVersion = 17.5.33516.290
MinimumVisualStudioVersion = 10.0.40219.1
Project("{FAE04EC0-301F-11D3-BF4B-00C04F79EFBC}") = "LTGD_BaiThucHanh2", "LTGD_BaiThucHanh2\LTGD_BaiThucHanh2.csproj", "{80297736-E416-4F28-9D5E-E91764302581}"
EndProject
Project("{FAE04EC0-301F-11D3-BF4B-00C04F79EFBC}") = "LTGD_BaiThucHanh3", "LTGD_BaiThucHanh3\LTGD_BaiThucHanh3.csproj", "{9CC77E9C-1664-49C3-97E7-335616E3E537}"
EndProject
Project("{FAE04EC0-301F-11D3-BF4B-00C04F79EFBC}") = "LTGD_BaiThucHanh4", "LTGD_BaiThucHanh4\LTGD_BaiThucHanh4.csproj", "{7F5D4CA3-65C6-494C-929B-46A5CC1E9132}"
EndProject
Project("{FAE04EC0-301F-11D3-BF4B-00C04F79EFBC}") = "LTGD_BaiThucHanh5", "LTGD_BaiThucHanh5\LTGD_BaiThucHanh5.csproj", "{D51E5276-4F2F-4F0A-95D6-19F1B35F95C0}"
EndProject
Project("{FAE04EC0-301F-11D3-BF4B-00C04F79EFBC}") = "LTGD_BaiThucHanh6", "LTGD_BaiThucHanh6\LTGD_BaiThucHanh6.csproj", "{1740E96D-0961-4034-925D-DE1125754EDB}"
EndProject
Project("{FAE04EC0-301F-11D3-BF4B-00C04F79EFBC}") = "LTGD_BaiTapNhom1", "LTGD_BaiTapNhom1\LTGD_BaiTapNhom1.csproj", "{B5E8694F-E270-4391-ABCF-C1709796E2BA}"
EndProject
Project("{FAE04EC0-301F-11D3-BF4B-00C04F79EFBC}") = "LTGD_BaiTapNhom2", "LTGD_BaiTapNhom2\LTGD_BaiTapNhom2.csproj", "{2B07D15F-D161-46A9-B2A2-F6750CF40C2D}"
EndProject
Project("{FAE04EC0-301F-11D3-BF4B-00C04F79EFBC}") = "LTGD_BaiTapNhom3", "LTGD_BaiTapNhom3\LTGD_BaiTapNhom3.csproj", "{9D452571-D88E-4B0A-8FE6-6436041C27B2}"
EndProject
Project("{FAE04EC0-301F-11D3-BF4B-00C04F79EFBC}") = "LTGD_BaiThucHanh7", "LTGD_BaiThucHanh7\LTGD_BaiThucHanh7.csproj", "{50CD4855-6393-4EC2-8849-6DFC5879D204}"
EndProject
Project("{FAE04EC0-301F-11D3-BF4B-00C04F79EFBC}") = "LTGD_BaiThucHanh8", "LTGD_BaiThucHanh8\LTGD_BaiThucHanh8.csproj", "{A5C9EA3C-2891-4532-BE47-8AF06BF7887F}"
EndProject
Project("{FAE04EC0-301F-11D3-BF4B-00C04F79EFBC}") = "LTGD_BaiThucHanh1", "LTGD_BaiThucHanh1\LTGD_BaiThucHanh1.csproj", "{8E7F4799-A9A9-408A-8B3C-64A00B4BAA9C}"
EndProject
Project("{FAE04EC0-301F-11D3-BF4B-00C04F79EFBC}") = "LTGD_GK2021-2022", "LTGD_GK2021-2022\LTGD_GK2021-2022.csproj", "{23C5912E-7CA3-4AAD-B3D5-B2C3F85477DF}"
EndProject
Project("{FAE04EC0-301F-11D3-BF4B-00C04F79EFBC}") = "LTGD_BaiTongHop", "LTGD_BaiTongHop\LTGD_BaiTongHop.csproj", "{9B0B6579-0092-4B92-B915-4AC43797AF5B}"
EndProject
Project("{FAE04EC0-301F-11D3-BF4B-00C04F79EFBC}") = "LTGD_GK2018-2019", "LTGD_GK2018-2019\LTGD_GK2018-2019.csproj", "{8431DC52-5406-4968-A96F-07A607012BED}"
EndProject
Project("{FAE04EC0-301F-11D3-BF4B-00C04F79EFBC}") = "LTGD_GK2019-2020-BauCua", "LTGD_GK2019-2020-BauCua\LTGD_GK2019-2020-BauCua.csproj", "{F1E11B93-5EB8-4BEE-832D-F519F721BC9D}"
EndProject
Project("{FAE04EC0-301F-11D3-BF4B-00C04F79EFBC}") = "LTGD_GK2019-2020-XiNgau", "LTGD_GK2019-2020-XiNgau\LTGD_GK2019-2020-XiNgau.csproj", "{B4021295-9F05-4521-8D95-AB20BE3F7149}"
EndProject
Project("{FAE04EC0-301F-11D3-BF4B-00C04F79EFBC}") = "LTGD_GK2022-2023-HT", "LTGD_GK2022-2023-HT\LTGD_GK2022-2023-HT.csproj", "{CD378291-80DF-4F29-BBC6-7717B8F571DC}"
EndProject
Project("{FAE04EC0-301F-11D3-BF4B-00C04F79EFBC}") = "LTGD_GK2022-2023-MT-2", "LTGD_GK2022-2023-MT-2\LTGD_GK2022-2023-MT-2.csproj", "{05017229-FA35-4ECB-BE00-EF1E0E6136BA}"
EndProject
Project("{FAE04EC0-301F-11D3-BF4B-00C04F79EFBC}") = "LTGD_GK2022-2023-MT-1", "LTGD_GK2022-2023-MT-1\LTGD_GK2022-2023-MT-1.csproj", "{F21706B5-D230-46BD-B785-E4B422E1860E}"
EndProject
Global
	GlobalSection(SolutionConfigurationPlatforms) = preSolution
		Debug|Any CPU = Debug|Any CPU
		Release|Any CPU = Release|Any CPU
	EndGlobalSection
	GlobalSection(ProjectConfigurationPlatforms) = postSolution
		{80297736-E416-4F28-9D5E-E91764302581}.Debug|Any CPU.ActiveCfg = Debug|Any CPU
		{80297736-E416-4F28-9D5E-E91764302581}.Debug|Any CPU.Build.0 = Debug|Any CPU
		{80297736-E416-4F28-9D5E-E91764302581}.Release|Any CPU.ActiveCfg = Release|Any CPU
		{80297736-E416-4F28-9D5E-E91764302581}.Release|Any CPU.Build.0 = Release|Any CPU
		{9CC77E9C-1664-49C3-97E7-335616E3E537}.Debug|Any CPU.ActiveCfg = Debug|Any CPU
		{9CC77E9C-1664-49C3-97E7-335616E3E537}.Debug|Any CPU.Build.0 = Debug|Any CPU
		{9CC77E9C-1664-49C3-97E7-335616E3E537}.Release|Any CPU.ActiveCfg = Release|Any CPU
		{9CC77E9C-1664-49C3-97E7-335616E3E537}.Release|Any CPU.Build.0 = Release|Any CPU
		{7F5D4CA3-65C6-494C-929B-46A5CC1E9132}.Debug|Any CPU.ActiveCfg = Debug|Any CPU
		{7F5D4CA3-65C6-494C-929B-46A5CC1E9132}.Debug|Any CPU.Build.0 = Debug|Any CPU
		{7F5D4CA3-65C6-494C-929B-46A5CC1E9132}.Release|Any CPU.ActiveCfg = Release|Any CPU
		{7F5D4CA3-65C6-494C-929B-46A5CC1E9132}.Release|Any CPU.Build.0 = Release|Any CPU
		{D51E5276-4F2F-4F0A-95D6-19F1B35F95C0}.Debug|Any CPU.ActiveCfg = Debug|Any CPU
		{D51E5276-4F2F-4F0A-95D6-19F1B35F95C0}.Debug|Any CPU.Build.0 = Debug|Any CPU
		{D51E5276-4F2F-4F0A-95D6-19F1B35F95C0}.Release|Any CPU.ActiveCfg = Release|Any CPU
		{D51E5276-4F2F-4F0A-95D6-19F1B35F95C0}.Release|Any CPU.Build.0 = Release|Any CPU
		{1740E96D-0961-4034-925D-DE1125754EDB}.Debug|Any CPU.ActiveCfg = Debug|Any CPU
		{1740E96D-0961-4034-925D-DE1125754EDB}.Debug|Any CPU.Build.0 = Debug|Any CPU
		{1740E96D-0961-4034-925D-DE1125754EDB}.Release|Any CPU.ActiveCfg = Release|Any CPU
		{1740E96D-0961-4034-925D-DE1125754EDB}.Release|Any CPU.Build.0 = Release|Any CPU
		{B5E8694F-E270-4391-ABCF-C1709796E2BA}.Debug|Any CPU.ActiveCfg = Debug|Any CPU
		{B5E8694F-E270-4391-ABCF-C1709796E2BA}.Debug|Any CPU.Build.0 = Debug|Any CPU
		{B5E8694F-E270-4391-ABCF-C1709796E2BA}.Release|Any CPU.ActiveCfg = Release|Any CPU
		{B5E8694F-E270-4391-ABCF-C1709796E2BA}.Release|Any CPU.Build.0 = Release|Any CPU
		{2B07D15F-D161-46A9-B2A2-F6750CF40C2D}.Debug|Any CPU.ActiveCfg = Debug|Any CPU
		{2B07D15F-D161-46A9-B2A2-F6750CF40C2D}.Debug|Any CPU.Build.0 = Debug|Any CPU
		{2B07D15F-D161-46A9-B2A2-F6750CF40C2D}.Release|Any CPU.ActiveCfg = Release|Any CPU
		{2B07D15F-D161-46A9-B2A2-F6750CF40C2D}.Release|Any CPU.Build.0 = Release|Any CPU
		{9D452571-D88E-4B0A-8FE6-6436041C27B2}.Debug|Any CPU.ActiveCfg = Debug|Any CPU
		{9D452571-D88E-4B0A-8FE6-6436041C27B2}.Debug|Any CPU.Build.0 = Debug|Any CPU
		{9D452571-D88E-4B0A-8FE6-6436041C27B2}.Release|Any CPU.ActiveCfg = Release|Any CPU
		{9D452571-D88E-4B0A-8FE6-6436041C27B2}.Release|Any CPU.Build.0 = Release|Any CPU
		{50CD4855-6393-4EC2-8849-6DFC5879D204}.Debug|Any CPU.ActiveCfg = Debug|Any CPU
		{50CD4855-6393-4EC2-8849-6DFC5879D204}.Debug|Any CPU.Build.0 = Debug|Any CPU
		{50CD4855-6393-4EC2-8849-6DFC5879D204}.Release|Any CPU.ActiveCfg = Release|Any CPU
		{50CD4855-6393-4EC2-8849-6DFC5879D204}.Release|Any CPU.Build.0 = Release|Any CPU
		{A5C9EA3C-2891-4532-BE47-8AF06BF7887F}.Debug|Any CPU.ActiveCfg = Debug|Any CPU
		{A5C9EA3C-2891-4532-BE47-8AF06BF7887F}.Debug|Any CPU.Build.0 = Debug|Any CPU
		{A5C9EA3C-2891-4532-BE47-8AF06BF7887F}.Release|Any CPU.ActiveCfg = Release|Any CPU
		{A5C9EA3C-2891-4532-BE47-8AF06BF7887F}.Release|Any CPU.Build.0 = Release|Any CPU
		{8E7F4799-A9A9-408A-8B3C-64A00B4BAA9C}.Debug|Any CPU.ActiveCfg = Debug|Any CPU
		{8E7F4799-A9A9-408A-8B3C-64A00B4BAA9C}.Debug|Any CPU.Build.0 = Debug|Any CPU
		{8E7F4799-A9A9-408A-8B3C-64A00B4BAA9C}.Release|Any CPU.ActiveCfg = Release|Any CPU
		{8E7F4799-A9A9-408A-8B3C-64A00B4BAA9C}.Release|Any CPU.Build.0 = Release|Any CPU
		{23C5912E-7CA3-4AAD-B3D5-B2C3F85477DF}.Debug|Any CPU.ActiveCfg = Debug|Any CPU
		{23C5912E-7CA3-4AAD-B3D5-B2C3F85477DF}.Debug|Any CPU.Build.0 = Debug|Any CPU
		{23C5912E-7CA3-4AAD-B3D5-B2C3F85477DF}.Release|Any CPU.ActiveCfg = Release|Any CPU
		{23C5912E-7CA3-4AAD-B3D5-B2C3F85477DF}.Release|Any CPU.Build.0 = Release|Any CPU
		{9B0B6579-0092-4B92-B915-4AC43797AF5B}.Debug|Any CPU.ActiveCfg = Debug|Any CPU
		{9B0B6579-0092-4B92-B915-4AC43797AF5B}.Debug|Any CPU.Build.0 = Debug|Any CPU
		{9B0B6579-0092-4B92-B915-4AC43797AF5B}.Release|Any CPU.ActiveCfg = Release|Any CPU
		{9B0B6579-0092-4B92-B915-4AC43797AF5B}.Release|Any CPU.Build.0 = Release|Any CPU
		{8431DC52-5406-4968-A96F-07A607012BED}.Debug|Any CPU.ActiveCfg = Debug|Any CPU
		{8431DC52-5406-4968-A96F-07A607012BED}.Debug|Any CPU.Build.0 = Debug|Any CPU
		{8431DC52-5406-4968-A96F-07A607012BED}.Release|Any CPU.ActiveCfg = Release|Any CPU
		{8431DC52-5406-4968-A96F-07A607012BED}.Release|Any CPU.Build.0 = Release|Any CPU
		{F1E11B93-5EB8-4BEE-832D-F519F721BC9D}.Debug|Any CPU.ActiveCfg = Debug|Any CPU
		{F1E11B93-5EB8-4BEE-832D-F519F721BC9D}.Debug|Any CPU.Build.0 = Debug|Any CPU
		{F1E11B93-5EB8-4BEE-832D-F519F721BC9D}.Release|Any CPU.ActiveCfg = Release|Any CPU
		{F1E11B93-5EB8-4BEE-832D-F519F721BC9D}.Release|Any CPU.Build.0 = Release|Any CPU
		{B4021295-9F05-4521-8D95-AB20BE3F7149}.Debug|Any CPU.ActiveCfg = Debug|Any CPU
		{B4021295-9F05-4521-8D95-AB20BE3F7149}.Debug|Any CPU.Build.0 = Debug|Any CPU
		{B4021295-9F05-4521-8D95-AB20BE3F7149}.Release|Any CPU.ActiveCfg = Release|Any CPU
		{B4021295-9F05-4521-8D95-AB20BE3F7149}.Release|Any CPU.Build.0 = Release|Any CPU
		{CD378291-80DF-4F29-BBC6-7717B8F571DC}.Debug|Any CPU.ActiveCfg = Debug|Any CPU
		{CD378291-80DF-4F29-BBC6-7717B8F571DC}.Debug|Any CPU.Build.0 = Debug|Any CPU
		{CD378291-80DF-4F29-BBC6-7717B8F571DC}.Release|Any CPU.ActiveCfg = Release|Any CPU
		{CD378291-80DF-4F29-BBC6-7717B8F571DC}.Release|Any CPU.Build.0 = Release|Any CPU
		{05017229-FA35-4ECB-BE00-EF1E0E6136BA}.Debug|Any CPU.ActiveCfg = Debug|Any CPU
		{05017229-FA35-4ECB-BE00-EF1E0E6136BA}.Debug|Any CPU.Build.0 = Debug|Any CPU
		{05017229-FA35-4ECB-BE00-EF1E0E6136BA}.Release|Any CPU.ActiveCfg = Release|Any CPU
		{05017229-FA35-4ECB-BE00-EF1E0E6136BA}.Release|Any CPU.Build.0 = Release|Any CPU
		{F21706B5-D230-46BD-B785-E4B422E1860E}.Debug|Any CPU.ActiveCfg = Debug|Any CPU
		{F21706B5-D230-46BD-B785-E4B422E1860E}.Debug|Any CPU.Build.0 = Debug|Any CPU
		{F21706B5-D230-46BD-B785-E4B422E1860E}.Release|Any CPU.ActiveCfg = Release|Any CPU
		{F21706B5-D230-46BD-B785-E4B422E1860E}.Release|Any CPU.Build.0 = Release|Any CPU
	EndGlobalSection
	GlobalSection(SolutionProperties) = preSolution
		HideSolutionNode = FALSE
	EndGlobalSection
	GlobalSection(ExtensibilityGlobals) = postSolution
		SolutionGuid = {8E766B6B-127C-4E28-AD8B-BDF8EE5629EC}
	EndGlobalSection
EndGlobal
